
Microsoft Visual Studio Solution File, Format Version 12.00
# Visual Studio Version 17
VisualStudioVersion = 17.3.32901.215
MinimumVisualStudioVersion = 10.0.40219.1
Project("{FAE04EC0-301F-11D3-BF4B-00C04F79EFBC}") = "BetweenPoints", "BetweenPoints\BetweenPoints.csproj", "{DDA6B8F9-EE7C-4825-8314-D9CE39BB7EAC}"
EndProject
Global
	GlobalSection(SolutionConfigurationPlatforms) = preSolution
		Debug|Any CPU = Debug|Any CPU
		Release|Any CPU = Release|Any CPU
	EndGlobalSection
	GlobalSection(ProjectConfigurationPlatforms) = postSolution
		{DDA6B8F9-EE7C-4825-8314-D9CE39BB7EAC}.Debug|Any CPU.ActiveCfg = Debug|Any CPU
		{DDA6B8F9-EE7C-4825-8314-D9CE39BB7EAC}.Debug|Any CPU.Build.0 = Debug|Any CPU
		{DDA6B8F9-EE7C-4825-8314-D9CE39BB7EAC}.Release|Any CPU.ActiveCfg = Release|Any CPU
		{DDA6B8F9-EE7C-4825-8314-D9CE39BB7EAC}.Release|Any CPU.Build.0 = Release|Any CPU
	EndGlobalSection
	GlobalSection(SolutionProperties) = preSolution
		HideSolutionNode = FALSE
	EndGlobalSection
	GlobalSection(ExtensibilityGlobals) = postSolution
		SolutionGuid = {75128B26-622C-454A-86D3-743D47147019}
	EndGlobalSection
EndGlobal
